
Microsoft Visual Studio Solution File, Format Version 12.00
# Visual Studio 2013
VisualStudioVersion = 12.0.30110.0
MinimumVisualStudioVersion = 10.0.40219.1
Project("{8BC9CEB8-8B4A-11D0-8D11-00A0C91BC942}") = "Adapter", "Adapter\Adapter.vcxproj", "{32574B6F-DD95-4427-8475-14A03C697361}"
EndProject
Project("{8BC9CEB8-8B4A-11D0-8D11-00A0C91BC942}") = "Strategy", "Strategy\Strategy.vcxproj", "{4632071C-2E93-49BB-8B31-518EF28D7ED7}"
EndProject
Project("{8BC9CEB8-8B4A-11D0-8D11-00A0C91BC942}") = "Facade", "Facade\Facade.vcxproj", "{31DAF2EB-10AB-4032-B044-1EB8E3BF7CD7}"
EndProject
Project("{8BC9CEB8-8B4A-11D0-8D11-00A0C91BC942}") = "TemplateMethod", "TemplateMethod\TemplateMethod.vcxproj", "{E981CE00-7FFA-46F8-BDBB-78DD76CA3F97}"
EndProject
Project("{8BC9CEB8-8B4A-11D0-8D11-00A0C91BC942}") = "FactoryMethod", "FactoryMethod\FactoryMethod.vcxproj", "{49572F2A-1C5B-48A5-B74A-81A9B831787E}"
EndProject
Project("{8BC9CEB8-8B4A-11D0-8D11-00A0C91BC942}") = "Decorator", "Decorator\Decorator.vcxproj", "{2731DA9C-FC91-4F93-8CB2-BA234C021463}"
EndProject
Project("{8BC9CEB8-8B4A-11D0-8D11-00A0C91BC942}") = "ChainOfResponsibility", "ChainOfResponsibility\ChainOfResponsibility.vcxproj", "{FC41CCF3-D7D4-4AC8-BE69-A4DDAF583C75}"
EndProject
Project("{8BC9CEB8-8B4A-11D0-8D11-00A0C91BC942}") = "Observer", "Observer\Observer.vcxproj", "{CC8B8B6F-3131-4E91-A3C6-F25F9B61E756}"
EndProject
Project("{8BC9CEB8-8B4A-11D0-8D11-00A0C91BC942}") = "Bridge", "Bridge\Bridge.vcxproj", "{AA5B6FFF-003F-4FF3-BEF9-47FF7C81F3F6}"
EndProject
Project("{8BC9CEB8-8B4A-11D0-8D11-00A0C91BC942}") = "AbstractFactory", "AbstractFactory\AbstractFactory.vcxproj", "{25795C92-2452-4672-80AE-EFB170AD1BBF}"
EndProject
Project("{8BC9CEB8-8B4A-11D0-8D11-00A0C91BC942}") = "Final", "Final\Final.vcxproj", "{E4CEA02A-9820-41CF-8D8D-EB4FF64BEB90}"
EndProject
Global
	GlobalSection(SolutionConfigurationPlatforms) = preSolution
		Debug|Win32 = Debug|Win32
		Release|Win32 = Release|Win32
	EndGlobalSection
	GlobalSection(ProjectConfigurationPlatforms) = postSolution
		{32574B6F-DD95-4427-8475-14A03C697361}.Debug|Win32.ActiveCfg = Debug|Win32
		{32574B6F-DD95-4427-8475-14A03C697361}.Debug|Win32.Build.0 = Debug|Win32
		{32574B6F-DD95-4427-8475-14A03C697361}.Release|Win32.ActiveCfg = Release|Win32
		{32574B6F-DD95-4427-8475-14A03C697361}.Release|Win32.Build.0 = Release|Win32
		{4632071C-2E93-49BB-8B31-518EF28D7ED7}.Debug|Win32.ActiveCfg = Debug|Win32
		{4632071C-2E93-49BB-8B31-518EF28D7ED7}.Debug|Win32.Build.0 = Debug|Win32
		{4632071C-2E93-49BB-8B31-518EF28D7ED7}.Release|Win32.ActiveCfg = Release|Win32
		{4632071C-2E93-49BB-8B31-518EF28D7ED7}.Release|Win32.Build.0 = Release|Win32
		{31DAF2EB-10AB-4032-B044-1EB8E3BF7CD7}.Debug|Win32.ActiveCfg = Debug|Win32
		{31DAF2EB-10AB-4032-B044-1EB8E3BF7CD7}.Debug|Win32.Build.0 = Debug|Win32
		{31DAF2EB-10AB-4032-B044-1EB8E3BF7CD7}.Release|Win32.ActiveCfg = Release|Win32
		{31DAF2EB-10AB-4032-B044-1EB8E3BF7CD7}.Release|Win32.Build.0 = Release|Win32
		{E981CE00-7FFA-46F8-BDBB-78DD76CA3F97}.Debug|Win32.ActiveCfg = Debug|Win32
		{E981CE00-7FFA-46F8-BDBB-78DD76CA3F97}.Debug|Win32.Build.0 = Debug|Win32
		{E981CE00-7FFA-46F8-BDBB-78DD76CA3F97}.Release|Win32.ActiveCfg = Release|Win32
		{E981CE00-7FFA-46F8-BDBB-78DD76CA3F97}.Release|Win32.Build.0 = Release|Win32
		{49572F2A-1C5B-48A5-B74A-81A9B831787E}.Debug|Win32.ActiveCfg = Debug|Win32
		{49572F2A-1C5B-48A5-B74A-81A9B831787E}.Debug|Win32.Build.0 = Debug|Win32
		{49572F2A-1C5B-48A5-B74A-81A9B831787E}.Release|Win32.ActiveCfg = Release|Win32
		{49572F2A-1C5B-48A5-B74A-81A9B831787E}.Release|Win32.Build.0 = Release|Win32
		{2731DA9C-FC91-4F93-8CB2-BA234C021463}.Debug|Win32.ActiveCfg = Debug|Win32
		{2731DA9C-FC91-4F93-8CB2-BA234C021463}.Debug|Win32.Build.0 = Debug|Win32
		{2731DA9C-FC91-4F93-8CB2-BA234C021463}.Release|Win32.ActiveCfg = Release|Win32
		{2731DA9C-FC91-4F93-8CB2-BA234C021463}.Release|Win32.Build.0 = Release|Win32
		{FC41CCF3-D7D4-4AC8-BE69-A4DDAF583C75}.Debug|Win32.ActiveCfg = Debug|Win32
		{FC41CCF3-D7D4-4AC8-BE69-A4DDAF583C75}.Debug|Win32.Build.0 = Debug|Win32
		{FC41CCF3-D7D4-4AC8-BE69-A4DDAF583C75}.Release|Win32.ActiveCfg = Release|Win32
		{FC41CCF3-D7D4-4AC8-BE69-A4DDAF583C75}.Release|Win32.Build.0 = Release|Win32
		{CC8B8B6F-3131-4E91-A3C6-F25F9B61E756}.Debug|Win32.ActiveCfg = Debug|Win32
		{CC8B8B6F-3131-4E91-A3C6-F25F9B61E756}.Debug|Win32.Build.0 = Debug|Win32
		{CC8B8B6F-3131-4E91-A3C6-F25F9B61E756}.Release|Win32.ActiveCfg = Release|Win32
		{CC8B8B6F-3131-4E91-A3C6-F25F9B61E756}.Release|Win32.Build.0 = Release|Win32
		{AA5B6FFF-003F-4FF3-BEF9-47FF7C81F3F6}.Debug|Win32.ActiveCfg = Debug|Win32
		{AA5B6FFF-003F-4FF3-BEF9-47FF7C81F3F6}.Debug|Win32.Build.0 = Debug|Win32
		{AA5B6FFF-003F-4FF3-BEF9-47FF7C81F3F6}.Release|Win32.ActiveCfg = Release|Win32
		{AA5B6FFF-003F-4FF3-BEF9-47FF7C81F3F6}.Release|Win32.Build.0 = Release|Win32
		{25795C92-2452-4672-80AE-EFB170AD1BBF}.Debug|Win32.ActiveCfg = Debug|Win32
		{25795C92-2452-4672-80AE-EFB170AD1BBF}.Debug|Win32.Build.0 = Debug|Win32
		{25795C92-2452-4672-80AE-EFB170AD1BBF}.Release|Win32.ActiveCfg = Release|Win32
		{25795C92-2452-4672-80AE-EFB170AD1BBF}.Release|Win32.Build.0 = Release|Win32
		{E4CEA02A-9820-41CF-8D8D-EB4FF64BEB90}.Debug|Win32.ActiveCfg = Debug|Win32
		{E4CEA02A-9820-41CF-8D8D-EB4FF64BEB90}.Debug|Win32.Build.0 = Debug|Win32
		{E4CEA02A-9820-41CF-8D8D-EB4FF64BEB90}.Release|Win32.ActiveCfg = Release|Win32
		{E4CEA02A-9820-41CF-8D8D-EB4FF64BEB90}.Release|Win32.Build.0 = Release|Win32
	EndGlobalSection
	GlobalSection(SolutionProperties) = preSolution
		HideSolutionNode = FALSE
	EndGlobalSection
EndGlobal
